// !$*UTF8*$!
{
	archiveVersion = 1;
	classes = {
	};
	objectVersion = 56;
	objects = {

/* Begin PBXBuildFile section */
		7C2D18ED2A94EBED000D7551 /* ChatMessageInputView.swift in Sources */ = {isa = PBXBuildFile; fileRef = 7C2D18EC2A94EBED000D7551 /* ChatMessageInputView.swift */; };
		7C2D18EF2A94EC0A000D7551 /* GroupDetailConfig.swift in Sources */ = {isa = PBXBuildFile; fileRef = 7C2D18EE2A94EC0A000D7551 /* GroupDetailConfig.swift */; };
		7C2D18F12A9509CA000D7551 /* PreviewImageView.swift in Sources */ = {isa = PBXBuildFile; fileRef = 7C2D18F02A9509CA000D7551 /* PreviewImageView.swift */; };
		7C2D18F32A953790000D7551 /* LoadingView.swift in Sources */ = {isa = PBXBuildFile; fileRef = 7C2D18F22A953790000D7551 /* LoadingView.swift */; };
		7C2D18F52A954419000D7551 /* ErrorWrapper.swift in Sources */ = {isa = PBXBuildFile; fileRef = 7C2D18F42A954419000D7551 /* ErrorWrapper.swift */; };
		7C2D18F72A9547B3000D7551 /* ErrorView.swift in Sources */ = {isa = PBXBuildFile; fileRef = 7C2D18F62A9547B3000D7551 /* ErrorView.swift */; };
		7C5FFE992A6418AE00AB7B62 /* AnyaApp.swift in Sources */ = {isa = PBXBuildFile; fileRef = 7C5FFE982A6418AE00AB7B62 /* AnyaApp.swift */; };
		7C5FFE9B2A6418AE00AB7B62 /* ContentView.swift in Sources */ = {isa = PBXBuildFile; fileRef = 7C5FFE9A2A6418AE00AB7B62 /* ContentView.swift */; };
		7C5FFE9D2A6418B000AB7B62 /* Assets.xcassets in Resources */ = {isa = PBXBuildFile; fileRef = 7C5FFE9C2A6418B000AB7B62 /* Assets.xcassets */; };
		7C5FFEA02A6418B000AB7B62 /* Preview Assets.xcassets in Resources */ = {isa = PBXBuildFile; fileRef = 7C5FFE9F2A6418B000AB7B62 /* Preview Assets.xcassets */; };
		7C5FFEA72A64191B00AB7B62 /* bg_anya.png in Resources */ = {isa = PBXBuildFile; fileRef = 7C5FFEA62A64191B00AB7B62 /* bg_anya.png */; };
		7C5FFEA92A641F6400AB7B62 /* GoogleService-Info.plist in Resources */ = {isa = PBXBuildFile; fileRef = 7C5FFEA82A641F6400AB7B62 /* GoogleService-Info.plist */; };
		7C5FFEAC2A641FC900AB7B62 /* FirebaseAuth in Frameworks */ = {isa = PBXBuildFile; productRef = 7C5FFEAB2A641FC900AB7B62 /* FirebaseAuth */; };
		7C5FFEAE2A641FC900AB7B62 /* FirebaseFirestore in Frameworks */ = {isa = PBXBuildFile; productRef = 7C5FFEAD2A641FC900AB7B62 /* FirebaseFirestore */; };
		7C5FFEB02A641FC900AB7B62 /* FirebaseFirestoreSwift in Frameworks */ = {isa = PBXBuildFile; productRef = 7C5FFEAF2A641FC900AB7B62 /* FirebaseFirestoreSwift */; };
		7C5FFEB22A641FC900AB7B62 /* FirebaseStorage in Frameworks */ = {isa = PBXBuildFile; productRef = 7C5FFEB12A641FC900AB7B62 /* FirebaseStorage */; };
		7C5FFEB52A6424D000AB7B62 /* SignUpView.swift in Sources */ = {isa = PBXBuildFile; fileRef = 7C5FFEB42A6424D000AB7B62 /* SignUpView.swift */; };
		7C5FFEB72A644A5100AB7B62 /* LoginView.swift in Sources */ = {isa = PBXBuildFile; fileRef = 7C5FFEB62A644A5000AB7B62 /* LoginView.swift */; };
		7C5FFEBA2A64515900AB7B62 /* StringExtensions.swift in Sources */ = {isa = PBXBuildFile; fileRef = 7C5FFEB92A64515900AB7B62 /* StringExtensions.swift */; };
		7C5FFEBD2A645B5900AB7B62 /* Model.swift in Sources */ = {isa = PBXBuildFile; fileRef = 7C5FFEBC2A645B5800AB7B62 /* Model.swift */; };
		7C67F2FC2A7BF06A00146AB9 /* AddNewHeroView.swift in Sources */ = {isa = PBXBuildFile; fileRef = 7C67F2FB2A7BF06A00146AB9 /* AddNewHeroView.swift */; };
		7C67F2FE2A7CFF9000146AB9 /* Hero.swift in Sources */ = {isa = PBXBuildFile; fileRef = 7C67F2FD2A7CFF9000146AB9 /* Hero.swift */; };
		7C67F3012A7D1D8800146AB9 /* HeroListView.swift in Sources */ = {isa = PBXBuildFile; fileRef = 7C67F3002A7D1D8800146AB9 /* HeroListView.swift */; };
		7C67F3032A7DD8D300146AB9 /* GroupDetailView.swift in Sources */ = {isa = PBXBuildFile; fileRef = 7C67F3022A7DD8D300146AB9 /* GroupDetailView.swift */; };
		7C67F3052A7DDEDD00146AB9 /* ChatMessage.swift in Sources */ = {isa = PBXBuildFile; fileRef = 7C67F3042A7DDEDD00146AB9 /* ChatMessage.swift */; };
		7C67F3072A7E70DC00146AB9 /* ChatMessageListView.swift in Sources */ = {isa = PBXBuildFile; fileRef = 7C67F3062A7E70DC00146AB9 /* ChatMessageListView.swift */; };
		7C67F3092A89CB8200146AB9 /* ChatMessageView.swift in Sources */ = {isa = PBXBuildFile; fileRef = 7C67F3082A89CB8200146AB9 /* ChatMessageView.swift */; };
		7C67F30D2A89FD8400146AB9 /* ImageExtensions.swift in Sources */ = {isa = PBXBuildFile; fileRef = 7C67F30C2A89FD8400146AB9 /* ImageExtensions.swift */; };
		7C67F30F2A89FE0A00146AB9 /* SettingsView.swift in Sources */ = {isa = PBXBuildFile; fileRef = 7C67F30E2A89FE0A00146AB9 /* SettingsView.swift */; };
		7C67F3112A8B814400146AB9 /* ImagePicker.swift in Sources */ = {isa = PBXBuildFile; fileRef = 7C67F3102A8B814400146AB9 /* ImagePicker.swift */; };
		7C7D54CC2A8C568000389222 /* UIImagePickerController.SourceType.swift in Sources */ = {isa = PBXBuildFile; fileRef = 7C7D54CB2A8C568000389222 /* UIImagePickerController.SourceType.swift */; };
		7C7D54CE2A8C60C700389222 /* UIImage.swift in Sources */ = {isa = PBXBuildFile; fileRef = 7C7D54CD2A8C60C700389222 /* UIImage.swift */; };
		7C7D54D02A8C64E400389222 /* Storage.swift in Sources */ = {isa = PBXBuildFile; fileRef = 7C7D54CF2A8C64E400389222 /* Storage.swift */; };
		7C9B11D12A70934000DD361D /* MainView.swift in Sources */ = {isa = PBXBuildFile; fileRef = 7C9B11D02A70934000DD361D /* MainView.swift */; };
		7C9B11D32A7097CB00DD361D /* AppState.swift in Sources */ = {isa = PBXBuildFile; fileRef = 7C9B11D22A7097CB00DD361D /* AppState.swift */; };
		7C9B11D52A709C7300DD361D /* GroupListContainerView.swift in Sources */ = {isa = PBXBuildFile; fileRef = 7C9B11D42A709C7300DD361D /* GroupListContainerView.swift */; };
		7CCDD7D32A9CD4A000EB1AC4 /* SirenView.swift in Sources */ = {isa = PBXBuildFile; fileRef = 7CCDD7D22A9CD4A000EB1AC4 /* SirenView.swift */; };
		7CCDD7D72AAFB81600EB1AC4 /* ChatRoomMessage.swift in Sources */ = {isa = PBXBuildFile; fileRef = 7CCDD7D62AAFB81600EB1AC4 /* ChatRoomMessage.swift */; };
		7CCDD7D92AAFD21400EB1AC4 /* ChatViewModel.swift in Sources */ = {isa = PBXBuildFile; fileRef = 7CCDD7D82AAFD21400EB1AC4 /* ChatViewModel.swift */; };
/* End PBXBuildFile section */

/* Begin PBXFileReference section */
		7C2D18EC2A94EBED000D7551 /* ChatMessageInputView.swift */ = {isa = PBXFileReference; lastKnownFileType = sourcecode.swift; path = ChatMessageInputView.swift; sourceTree = "<group>"; };
		7C2D18EE2A94EC0A000D7551 /* GroupDetailConfig.swift */ = {isa = PBXFileReference; lastKnownFileType = sourcecode.swift; path = GroupDetailConfig.swift; sourceTree = "<group>"; };
		7C2D18F02A9509CA000D7551 /* PreviewImageView.swift */ = {isa = PBXFileReference; lastKnownFileType = sourcecode.swift; path = PreviewImageView.swift; sourceTree = "<group>"; };
		7C2D18F22A953790000D7551 /* LoadingView.swift */ = {isa = PBXFileReference; lastKnownFileType = sourcecode.swift; path = LoadingView.swift; sourceTree = "<group>"; };
		7C2D18F42A954419000D7551 /* ErrorWrapper.swift */ = {isa = PBXFileReference; lastKnownFileType = sourcecode.swift; path = ErrorWrapper.swift; sourceTree = "<group>"; };
		7C2D18F62A9547B3000D7551 /* ErrorView.swift */ = {isa = PBXFileReference; lastKnownFileType = sourcecode.swift; path = ErrorView.swift; sourceTree = "<group>"; };
		7C5FFE952A6418AE00AB7B62 /* Anya.app */ = {isa = PBXFileReference; explicitFileType = wrapper.application; includeInIndex = 0; path = Anya.app; sourceTree = BUILT_PRODUCTS_DIR; };
		7C5FFE982A6418AE00AB7B62 /* AnyaApp.swift */ = {isa = PBXFileReference; lastKnownFileType = sourcecode.swift; path = AnyaApp.swift; sourceTree = "<group>"; };
		7C5FFE9A2A6418AE00AB7B62 /* ContentView.swift */ = {isa = PBXFileReference; lastKnownFileType = sourcecode.swift; path = ContentView.swift; sourceTree = "<group>"; };
		7C5FFE9C2A6418B000AB7B62 /* Assets.xcassets */ = {isa = PBXFileReference; lastKnownFileType = folder.assetcatalog; path = Assets.xcassets; sourceTree = "<group>"; };
		7C5FFE9F2A6418B000AB7B62 /* Preview Assets.xcassets */ = {isa = PBXFileReference; lastKnownFileType = folder.assetcatalog; path = "Preview Assets.xcassets"; sourceTree = "<group>"; };
		7C5FFEA62A64191B00AB7B62 /* bg_anya.png */ = {isa = PBXFileReference; lastKnownFileType = image.png; path = bg_anya.png; sourceTree = "<group>"; };
		7C5FFEA82A641F6400AB7B62 /* GoogleService-Info.plist */ = {isa = PBXFileReference; fileEncoding = 4; lastKnownFileType = text.plist.xml; path = "GoogleService-Info.plist"; sourceTree = "<group>"; };
		7C5FFEB42A6424D000AB7B62 /* SignUpView.swift */ = {isa = PBXFileReference; lastKnownFileType = sourcecode.swift; path = SignUpView.swift; sourceTree = "<group>"; };
		7C5FFEB62A644A5000AB7B62 /* LoginView.swift */ = {isa = PBXFileReference; lastKnownFileType = sourcecode.swift; path = LoginView.swift; sourceTree = "<group>"; };
		7C5FFEB92A64515900AB7B62 /* StringExtensions.swift */ = {isa = PBXFileReference; lastKnownFileType = sourcecode.swift; path = StringExtensions.swift; sourceTree = "<group>"; };
		7C5FFEBC2A645B5800AB7B62 /* Model.swift */ = {isa = PBXFileReference; lastKnownFileType = sourcecode.swift; path = Model.swift; sourceTree = "<group>"; };
		7C67F2FB2A7BF06A00146AB9 /* AddNewHeroView.swift */ = {isa = PBXFileReference; lastKnownFileType = sourcecode.swift; path = AddNewHeroView.swift; sourceTree = "<group>"; };
		7C67F2FD2A7CFF9000146AB9 /* Hero.swift */ = {isa = PBXFileReference; lastKnownFileType = sourcecode.swift; path = Hero.swift; sourceTree = "<group>"; };
		7C67F2FF2A7D10CF00146AB9 /* Info.plist */ = {isa = PBXFileReference; lastKnownFileType = text.plist; path = Info.plist; sourceTree = "<group>"; };
		7C67F3002A7D1D8800146AB9 /* HeroListView.swift */ = {isa = PBXFileReference; lastKnownFileType = sourcecode.swift; path = HeroListView.swift; sourceTree = "<group>"; };
		7C67F3022A7DD8D300146AB9 /* GroupDetailView.swift */ = {isa = PBXFileReference; lastKnownFileType = sourcecode.swift; path = GroupDetailView.swift; sourceTree = "<group>"; };
		7C67F3042A7DDEDD00146AB9 /* ChatMessage.swift */ = {isa = PBXFileReference; lastKnownFileType = sourcecode.swift; path = ChatMessage.swift; sourceTree = "<group>"; };
		7C67F3062A7E70DC00146AB9 /* ChatMessageListView.swift */ = {isa = PBXFileReference; lastKnownFileType = sourcecode.swift; path = ChatMessageListView.swift; sourceTree = "<group>"; };
		7C67F3082A89CB8200146AB9 /* ChatMessageView.swift */ = {isa = PBXFileReference; lastKnownFileType = sourcecode.swift; path = ChatMessageView.swift; sourceTree = "<group>"; };
		7C67F30C2A89FD8400146AB9 /* ImageExtensions.swift */ = {isa = PBXFileReference; lastKnownFileType = sourcecode.swift; path = ImageExtensions.swift; sourceTree = "<group>"; };
		7C67F30E2A89FE0A00146AB9 /* SettingsView.swift */ = {isa = PBXFileReference; lastKnownFileType = sourcecode.swift; path = SettingsView.swift; sourceTree = "<group>"; };
		7C67F3102A8B814400146AB9 /* ImagePicker.swift */ = {isa = PBXFileReference; lastKnownFileType = sourcecode.swift; path = ImagePicker.swift; sourceTree = "<group>"; };
		7C7D54CB2A8C568000389222 /* UIImagePickerController.SourceType.swift */ = {isa = PBXFileReference; lastKnownFileType = sourcecode.swift; path = UIImagePickerController.SourceType.swift; sourceTree = "<group>"; };
		7C7D54CD2A8C60C700389222 /* UIImage.swift */ = {isa = PBXFileReference; lastKnownFileType = sourcecode.swift; path = UIImage.swift; sourceTree = "<group>"; };
		7C7D54CF2A8C64E400389222 /* Storage.swift */ = {isa = PBXFileReference; lastKnownFileType = sourcecode.swift; path = Storage.swift; sourceTree = "<group>"; };
		7C9B11D02A70934000DD361D /* MainView.swift */ = {isa = PBXFileReference; lastKnownFileType = sourcecode.swift; path = MainView.swift; sourceTree = "<group>"; };
		7C9B11D22A7097CB00DD361D /* AppState.swift */ = {isa = PBXFileReference; lastKnownFileType = sourcecode.swift; path = AppState.swift; sourceTree = "<group>"; };
		7C9B11D42A709C7300DD361D /* GroupListContainerView.swift */ = {isa = PBXFileReference; lastKnownFileType = sourcecode.swift; path = GroupListContainerView.swift; sourceTree = "<group>"; };
		7CCDD7D22A9CD4A000EB1AC4 /* SirenView.swift */ = {isa = PBXFileReference; lastKnownFileType = sourcecode.swift; path = SirenView.swift; sourceTree = "<group>"; };
		7CCDD7D62AAFB81600EB1AC4 /* ChatRoomMessage.swift */ = {isa = PBXFileReference; lastKnownFileType = sourcecode.swift; path = ChatRoomMessage.swift; sourceTree = "<group>"; };
		7CCDD7D82AAFD21400EB1AC4 /* ChatViewModel.swift */ = {isa = PBXFileReference; lastKnownFileType = sourcecode.swift; path = ChatViewModel.swift; sourceTree = "<group>"; };
/* End PBXFileReference section */

/* Begin PBXFrameworksBuildPhase section */
		7C5FFE922A6418AE00AB7B62 /* Frameworks */ = {
			isa = PBXFrameworksBuildPhase;
			buildActionMask = 2147483647;
			files = (
				7C5FFEAC2A641FC900AB7B62 /* FirebaseAuth in Frameworks */,
				7C5FFEB22A641FC900AB7B62 /* FirebaseStorage in Frameworks */,
				7C5FFEAE2A641FC900AB7B62 /* FirebaseFirestore in Frameworks */,
				7C5FFEB02A641FC900AB7B62 /* FirebaseFirestoreSwift in Frameworks */,
			);
			runOnlyForDeploymentPostprocessing = 0;
		};
/* End PBXFrameworksBuildPhase section */

/* Begin PBXGroup section */
		7C5FFE8C2A6418AE00AB7B62 = {
			isa = PBXGroup;
			children = (
				7C5FFE972A6418AE00AB7B62 /* Anya */,
				7C5FFE962A6418AE00AB7B62 /* Products */,
			);
			sourceTree = "<group>";
		};
		7C5FFE962A6418AE00AB7B62 /* Products */ = {
			isa = PBXGroup;
			children = (
				7C5FFE952A6418AE00AB7B62 /* Anya.app */,
			);
			name = Products;
			sourceTree = "<group>";
		};
		7C5FFE972A6418AE00AB7B62 /* Anya */ = {
			isa = PBXGroup;
			children = (
				7C67F2FF2A7D10CF00146AB9 /* Info.plist */,
				7C5FFEBB2A645B4800AB7B62 /* Models */,
				7C5FFEB82A64513D00AB7B62 /* Extensions */,
				7C5FFEB32A6424AD00AB7B62 /* Views */,
				7C5FFE982A6418AE00AB7B62 /* AnyaApp.swift */,
				7C5FFE9A2A6418AE00AB7B62 /* ContentView.swift */,
				7C5FFEA82A641F6400AB7B62 /* GoogleService-Info.plist */,
				7C5FFE9C2A6418B000AB7B62 /* Assets.xcassets */,
				7C5FFEA62A64191B00AB7B62 /* bg_anya.png */,
				7C5FFE9E2A6418B000AB7B62 /* Preview Content */,
			);
			path = Anya;
			sourceTree = "<group>";
		};
		7C5FFE9E2A6418B000AB7B62 /* Preview Content */ = {
			isa = PBXGroup;
			children = (
				7C5FFE9F2A6418B000AB7B62 /* Preview Assets.xcassets */,
			);
			path = "Preview Content";
			sourceTree = "<group>";
		};
		7C5FFEB32A6424AD00AB7B62 /* Views */ = {
			isa = PBXGroup;
			children = (
				7C5FFEB42A6424D000AB7B62 /* SignUpView.swift */,
				7C5FFEB62A644A5000AB7B62 /* LoginView.swift */,
				7C9B11D02A70934000DD361D /* MainView.swift */,
				7C9B11D42A709C7300DD361D /* GroupListContainerView.swift */,
				7C67F2FB2A7BF06A00146AB9 /* AddNewHeroView.swift */,
				7C67F3002A7D1D8800146AB9 /* HeroListView.swift */,
				7C67F3022A7DD8D300146AB9 /* GroupDetailView.swift */,
				7C67F3062A7E70DC00146AB9 /* ChatMessageListView.swift */,
				7C67F3082A89CB8200146AB9 /* ChatMessageView.swift */,
				7C67F30E2A89FE0A00146AB9 /* SettingsView.swift */,
				7C67F3102A8B814400146AB9 /* ImagePicker.swift */,
				7C2D18EC2A94EBED000D7551 /* ChatMessageInputView.swift */,
				7C2D18F02A9509CA000D7551 /* PreviewImageView.swift */,
				7C2D18F22A953790000D7551 /* LoadingView.swift */,
				7C2D18F62A9547B3000D7551 /* ErrorView.swift */,
				7CCDD7D22A9CD4A000EB1AC4 /* SirenView.swift */,
			);
			path = Views;
			sourceTree = "<group>";
		};
		7C5FFEB82A64513D00AB7B62 /* Extensions */ = {
			isa = PBXGroup;
			children = (
				7C5FFEB92A64515900AB7B62 /* StringExtensions.swift */,
				7C67F30C2A89FD8400146AB9 /* ImageExtensions.swift */,
				7C7D54CB2A8C568000389222 /* UIImagePickerController.SourceType.swift */,
				7C7D54CD2A8C60C700389222 /* UIImage.swift */,
				7C7D54CF2A8C64E400389222 /* Storage.swift */,
			);
			path = Extensions;
			sourceTree = "<group>";
		};
		7C5FFEBB2A645B4800AB7B62 /* Models */ = {
			isa = PBXGroup;
			children = (
				7C5FFEBC2A645B5800AB7B62 /* Model.swift */,
				7C9B11D22A7097CB00DD361D /* AppState.swift */,
				7C67F2FD2A7CFF9000146AB9 /* Hero.swift */,
				7C67F3042A7DDEDD00146AB9 /* ChatMessage.swift */,
				7C2D18EE2A94EC0A000D7551 /* GroupDetailConfig.swift */,
				7C2D18F42A954419000D7551 /* ErrorWrapper.swift */,
				7CCDD7D62AAFB81600EB1AC4 /* ChatRoomMessage.swift */,
				7CCDD7D82AAFD21400EB1AC4 /* ChatViewModel.swift */,
			);
			path = Models;
			sourceTree = "<group>";
		};
/* End PBXGroup section */

/* Begin PBXNativeTarget section */
		7C5FFE942A6418AE00AB7B62 /* Anya */ = {
			isa = PBXNativeTarget;
			buildConfigurationList = 7C5FFEA32A6418B000AB7B62 /* Build configuration list for PBXNativeTarget "Anya" */;
			buildPhases = (
				7C5FFE912A6418AE00AB7B62 /* Sources */,
				7C5FFE922A6418AE00AB7B62 /* Frameworks */,
				7C5FFE932A6418AE00AB7B62 /* Resources */,
			);
			buildRules = (
			);
			dependencies = (
			);
			name = Anya;
			packageProductDependencies = (
				7C5FFEAB2A641FC900AB7B62 /* FirebaseAuth */,
				7C5FFEAD2A641FC900AB7B62 /* FirebaseFirestore */,
				7C5FFEAF2A641FC900AB7B62 /* FirebaseFirestoreSwift */,
				7C5FFEB12A641FC900AB7B62 /* FirebaseStorage */,
			);
			productName = Anya;
			productReference = 7C5FFE952A6418AE00AB7B62 /* Anya.app */;
			productType = "com.apple.product-type.application";
		};
/* End PBXNativeTarget section */

/* Begin PBXProject section */
		7C5FFE8D2A6418AE00AB7B62 /* Project object */ = {
			isa = PBXProject;
			attributes = {
				BuildIndependentTargetsInParallel = 1;
				LastSwiftUpdateCheck = 1430;
				LastUpgradeCheck = 1430;
				TargetAttributes = {
					7C5FFE942A6418AE00AB7B62 = {
						CreatedOnToolsVersion = 14.3.1;
					};
				};
			};
			buildConfigurationList = 7C5FFE902A6418AE00AB7B62 /* Build configuration list for PBXProject "Anya" */;
			compatibilityVersion = "Xcode 14.0";
			developmentRegion = en;
			hasScannedForEncodings = 0;
			knownRegions = (
				en,
				Base,
			);
			mainGroup = 7C5FFE8C2A6418AE00AB7B62;
			packageReferences = (
				7C5FFEAA2A641FC900AB7B62 /* XCRemoteSwiftPackageReference "firebase-ios-sdk" */,
			);
			productRefGroup = 7C5FFE962A6418AE00AB7B62 /* Products */;
			projectDirPath = "";
			projectRoot = "";
			targets = (
				7C5FFE942A6418AE00AB7B62 /* Anya */,
			);
		};
/* End PBXProject section */

/* Begin PBXResourcesBuildPhase section */
		7C5FFE932A6418AE00AB7B62 /* Resources */ = {
			isa = PBXResourcesBuildPhase;
			buildActionMask = 2147483647;
			files = (
				7C5FFEA02A6418B000AB7B62 /* Preview Assets.xcassets in Resources */,
				7C5FFEA92A641F6400AB7B62 /* GoogleService-Info.plist in Resources */,
				7C5FFEA72A64191B00AB7B62 /* bg_anya.png in Resources */,
				7C5FFE9D2A6418B000AB7B62 /* Assets.xcassets in Resources */,
			);
			runOnlyForDeploymentPostprocessing = 0;
		};
/* End PBXResourcesBuildPhase section */

/* Begin PBXSourcesBuildPhase section */
		7C5FFE912A6418AE00AB7B62 /* Sources */ = {
			isa = PBXSourcesBuildPhase;
			buildActionMask = 2147483647;
			files = (
				7CCDD7D72AAFB81600EB1AC4 /* ChatRoomMessage.swift in Sources */,
				7C67F3092A89CB8200146AB9 /* ChatMessageView.swift in Sources */,
				7C7D54D02A8C64E400389222 /* Storage.swift in Sources */,
				7C67F2FE2A7CFF9000146AB9 /* Hero.swift in Sources */,
				7C2D18F52A954419000D7551 /* ErrorWrapper.swift in Sources */,
				7C67F3072A7E70DC00146AB9 /* ChatMessageListView.swift in Sources */,
				7CCDD7D92AAFD21400EB1AC4 /* ChatViewModel.swift in Sources */,
				7C67F30F2A89FE0A00146AB9 /* SettingsView.swift in Sources */,
				7C5FFE9B2A6418AE00AB7B62 /* ContentView.swift in Sources */,
				7C67F2FC2A7BF06A00146AB9 /* AddNewHeroView.swift in Sources */,
				7C7D54CE2A8C60C700389222 /* UIImage.swift in Sources */,
				7C9B11D12A70934000DD361D /* MainView.swift in Sources */,
				7CCDD7D32A9CD4A000EB1AC4 /* SirenView.swift in Sources */,
				7C7D54CC2A8C568000389222 /* UIImagePickerController.SourceType.swift in Sources */,
				7C2D18F72A9547B3000D7551 /* ErrorView.swift in Sources */,
				7C67F3112A8B814400146AB9 /* ImagePicker.swift in Sources */,
				7C2D18F32A953790000D7551 /* LoadingView.swift in Sources */,
				7C5FFEB52A6424D000AB7B62 /* SignUpView.swift in Sources */,
				7C2D18F12A9509CA000D7551 /* PreviewImageView.swift in Sources */,
				7C9B11D32A7097CB00DD361D /* AppState.swift in Sources */,
				7C5FFEBA2A64515900AB7B62 /* StringExtensions.swift in Sources */,
				7C67F3052A7DDEDD00146AB9 /* ChatMessage.swift in Sources */,
				7C5FFEBD2A645B5900AB7B62 /* Model.swift in Sources */,
				7C2D18EF2A94EC0A000D7551 /* GroupDetailConfig.swift in Sources */,
				7C2D18ED2A94EBED000D7551 /* ChatMessageInputView.swift in Sources */,
				7C67F30D2A89FD8400146AB9 /* ImageExtensions.swift in Sources */,
				7C9B11D52A709C7300DD361D /* GroupListContainerView.swift in Sources */,
				7C5FFEB72A644A5100AB7B62 /* LoginView.swift in Sources */,
				7C67F3012A7D1D8800146AB9 /* HeroListView.swift in Sources */,
				7C67F3032A7DD8D300146AB9 /* GroupDetailView.swift in Sources */,
				7C5FFE992A6418AE00AB7B62 /* AnyaApp.swift in Sources */,
			);
			runOnlyForDeploymentPostprocessing = 0;
		};
/* End PBXSourcesBuildPhase section */

/* Begin XCBuildConfiguration section */
		7C5FFEA12A6418B000AB7B62 /* Debug */ = {
			isa = XCBuildConfiguration;
			buildSettings = {
				ALWAYS_SEARCH_USER_PATHS = NO;
				CLANG_ANALYZER_NONNULL = YES;
				CLANG_ANALYZER_NUMBER_OBJECT_CONVERSION = YES_AGGRESSIVE;
				CLANG_CXX_LANGUAGE_STANDARD = "gnu++20";
				CLANG_ENABLE_MODULES = YES;
				CLANG_ENABLE_OBJC_ARC = YES;
				CLANG_ENABLE_OBJC_WEAK = YES;
				CLANG_WARN_BLOCK_CAPTURE_AUTORELEASING = YES;
				CLANG_WARN_BOOL_CONVERSION = YES;
				CLANG_WARN_COMMA = YES;
				CLANG_WARN_CONSTANT_CONVERSION = YES;
				CLANG_WARN_DEPRECATED_OBJC_IMPLEMENTATIONS = YES;
				CLANG_WARN_DIRECT_OBJC_ISA_USAGE = YES_ERROR;
				CLANG_WARN_DOCUMENTATION_COMMENTS = YES;
				CLANG_WARN_EMPTY_BODY = YES;
				CLANG_WARN_ENUM_CONVERSION = YES;
				CLANG_WARN_INFINITE_RECURSION = YES;
				CLANG_WARN_INT_CONVERSION = YES;
				CLANG_WARN_NON_LITERAL_NULL_CONVERSION = YES;
				CLANG_WARN_OBJC_IMPLICIT_RETAIN_SELF = YES;
				CLANG_WARN_OBJC_LITERAL_CONVERSION = YES;
				CLANG_WARN_OBJC_ROOT_CLASS = YES_ERROR;
				CLANG_WARN_QUOTED_INCLUDE_IN_FRAMEWORK_HEADER = YES;
				CLANG_WARN_RANGE_LOOP_ANALYSIS = YES;
				CLANG_WARN_STRICT_PROTOTYPES = YES;
				CLANG_WARN_SUSPICIOUS_MOVE = YES;
				CLANG_WARN_UNGUARDED_AVAILABILITY = YES_AGGRESSIVE;
				CLANG_WARN_UNREACHABLE_CODE = YES;
				CLANG_WARN__DUPLICATE_METHOD_MATCH = YES;
				COPY_PHASE_STRIP = NO;
				DEBUG_INFORMATION_FORMAT = dwarf;
				ENABLE_STRICT_OBJC_MSGSEND = YES;
				ENABLE_TESTABILITY = YES;
				GCC_C_LANGUAGE_STANDARD = gnu11;
				GCC_DYNAMIC_NO_PIC = NO;
				GCC_NO_COMMON_BLOCKS = YES;
				GCC_OPTIMIZATION_LEVEL = 0;
				GCC_PREPROCESSOR_DEFINITIONS = (
					"DEBUG=1",
					"$(inherited)",
				);
				GCC_WARN_64_TO_32_BIT_CONVERSION = YES;
				GCC_WARN_ABOUT_RETURN_TYPE = YES_ERROR;
				GCC_WARN_UNDECLARED_SELECTOR = YES;
				GCC_WARN_UNINITIALIZED_AUTOS = YES_AGGRESSIVE;
				GCC_WARN_UNUSED_FUNCTION = YES;
				GCC_WARN_UNUSED_VARIABLE = YES;
				IPHONEOS_DEPLOYMENT_TARGET = 16.4;
				MTL_ENABLE_DEBUG_INFO = INCLUDE_SOURCE;
				MTL_FAST_MATH = YES;
				ONLY_ACTIVE_ARCH = YES;
				SDKROOT = iphoneos;
				SWIFT_ACTIVE_COMPILATION_CONDITIONS = DEBUG;
				SWIFT_OPTIMIZATION_LEVEL = "-Onone";
			};
			name = Debug;
		};
		7C5FFEA22A6418B000AB7B62 /* Release */ = {
			isa = XCBuildConfiguration;
			buildSettings = {
				ALWAYS_SEARCH_USER_PATHS = NO;
				CLANG_ANALYZER_NONNULL = YES;
				CLANG_ANALYZER_NUMBER_OBJECT_CONVERSION = YES_AGGRESSIVE;
				CLANG_CXX_LANGUAGE_STANDARD = "gnu++20";
				CLANG_ENABLE_MODULES = YES;
				CLANG_ENABLE_OBJC_ARC = YES;
				CLANG_ENABLE_OBJC_WEAK = YES;
				CLANG_WARN_BLOCK_CAPTURE_AUTORELEASING = YES;
				CLANG_WARN_BOOL_CONVERSION = YES;
				CLANG_WARN_COMMA = YES;
				CLANG_WARN_CONSTANT_CONVERSION = YES;
				CLANG_WARN_DEPRECATED_OBJC_IMPLEMENTATIONS = YES;
				CLANG_WARN_DIRECT_OBJC_ISA_USAGE = YES_ERROR;
				CLANG_WARN_DOCUMENTATION_COMMENTS = YES;
				CLANG_WARN_EMPTY_BODY = YES;
				CLANG_WARN_ENUM_CONVERSION = YES;
				CLANG_WARN_INFINITE_RECURSION = YES;
				CLANG_WARN_INT_CONVERSION = YES;
				CLANG_WARN_NON_LITERAL_NULL_CONVERSION = YES;
				CLANG_WARN_OBJC_IMPLICIT_RETAIN_SELF = YES;
				CLANG_WARN_OBJC_LITERAL_CONVERSION = YES;
				CLANG_WARN_OBJC_ROOT_CLASS = YES_ERROR;
				CLANG_WARN_QUOTED_INCLUDE_IN_FRAMEWORK_HEADER = YES;
				CLANG_WARN_RANGE_LOOP_ANALYSIS = YES;
				CLANG_WARN_STRICT_PROTOTYPES = YES;
				CLANG_WARN_SUSPICIOUS_MOVE = YES;
				CLANG_WARN_UNGUARDED_AVAILABILITY = YES_AGGRESSIVE;
				CLANG_WARN_UNREACHABLE_CODE = YES;
				CLANG_WARN__DUPLICATE_METHOD_MATCH = YES;
				COPY_PHASE_STRIP = NO;
				DEBUG_INFORMATION_FORMAT = "dwarf-with-dsym";
				ENABLE_NS_ASSERTIONS = NO;
				ENABLE_STRICT_OBJC_MSGSEND = YES;
				GCC_C_LANGUAGE_STANDARD = gnu11;
				GCC_NO_COMMON_BLOCKS = YES;
				GCC_WARN_64_TO_32_BIT_CONVERSION = YES;
				GCC_WARN_ABOUT_RETURN_TYPE = YES_ERROR;
				GCC_WARN_UNDECLARED_SELECTOR = YES;
				GCC_WARN_UNINITIALIZED_AUTOS = YES_AGGRESSIVE;
				GCC_WARN_UNUSED_FUNCTION = YES;
				GCC_WARN_UNUSED_VARIABLE = YES;
				IPHONEOS_DEPLOYMENT_TARGET = 16.4;
				MTL_ENABLE_DEBUG_INFO = NO;
				MTL_FAST_MATH = YES;
				SDKROOT = iphoneos;
				SWIFT_COMPILATION_MODE = wholemodule;
				SWIFT_OPTIMIZATION_LEVEL = "-O";
				VALIDATE_PRODUCT = YES;
			};
			name = Release;
		};
		7C5FFEA42A6418B000AB7B62 /* Debug */ = {
			isa = XCBuildConfiguration;
			buildSettings = {
				ASSETCATALOG_COMPILER_APPICON_NAME = AppIcon;
				ASSETCATALOG_COMPILER_GLOBAL_ACCENT_COLOR_NAME = AccentColor;
				CODE_SIGN_STYLE = Automatic;
				CURRENT_PROJECT_VERSION = 1;
				DEVELOPMENT_ASSET_PATHS = "\"Anya/Preview Content\"";
				DEVELOPMENT_TEAM = BFZVJ5HXVN;
				ENABLE_PREVIEWS = YES;
				GENERATE_INFOPLIST_FILE = YES;
				INFOPLIST_FILE = Anya/Info.plist;
				INFOPLIST_KEY_UIApplicationSceneManifest_Generation = YES;
				INFOPLIST_KEY_UIApplicationSupportsIndirectInputEvents = YES;
				INFOPLIST_KEY_UILaunchScreen_Generation = YES;
				INFOPLIST_KEY_UISupportedInterfaceOrientations_iPad = "UIInterfaceOrientationPortrait UIInterfaceOrientationPortraitUpsideDown UIInterfaceOrientationLandscapeLeft UIInterfaceOrientationLandscapeRight";
				INFOPLIST_KEY_UISupportedInterfaceOrientations_iPhone = "UIInterfaceOrientationPortrait UIInterfaceOrientationLandscapeLeft UIInterfaceOrientationLandscapeRight";
				LD_RUNPATH_SEARCH_PATHS = (
					"$(inherited)",
					"@executable_path/Frameworks",
				);
				MARKETING_VERSION = 1.0;
				PRODUCT_BUNDLE_IDENTIFIER = com.chiamakabrowneyes.Anya;
				PRODUCT_NAME = "$(TARGET_NAME)";
				SWIFT_EMIT_LOC_STRINGS = YES;
				SWIFT_VERSION = 5.0;
				TARGETED_DEVICE_FAMILY = "1,2";
			};
			name = Debug;
		};
		7C5FFEA52A6418B000AB7B62 /* Release */ = {
			isa = XCBuildConfiguration;
			buildSettings = {
				ASSETCATALOG_COMPILER_APPICON_NAME = AppIcon;
				ASSETCATALOG_COMPILER_GLOBAL_ACCENT_COLOR_NAME = AccentColor;
				CODE_SIGN_STYLE = Automatic;
				CURRENT_PROJECT_VERSION = 1;
				DEVELOPMENT_ASSET_PATHS = "\"Anya/Preview Content\"";
				DEVELOPMENT_TEAM = BFZVJ5HXVN;
				ENABLE_PREVIEWS = YES;
				GENERATE_INFOPLIST_FILE = YES;
				INFOPLIST_FILE = Anya/Info.plist;
				INFOPLIST_KEY_UIApplicationSceneManifest_Generation = YES;
				INFOPLIST_KEY_UIApplicationSupportsIndirectInputEvents = YES;
				INFOPLIST_KEY_UILaunchScreen_Generation = YES;
				INFOPLIST_KEY_UISupportedInterfaceOrientations_iPad = "UIInterfaceOrientationPortrait UIInterfaceOrientationPortraitUpsideDown UIInterfaceOrientationLandscapeLeft UIInterfaceOrientationLandscapeRight";
				INFOPLIST_KEY_UISupportedInterfaceOrientations_iPhone = "UIInterfaceOrientationPortrait UIInterfaceOrientationLandscapeLeft UIInterfaceOrientationLandscapeRight";
				LD_RUNPATH_SEARCH_PATHS = (
					"$(inherited)",
					"@executable_path/Frameworks",
				);
				MARKETING_VERSION = 1.0;
				PRODUCT_BUNDLE_IDENTIFIER = com.chiamakabrowneyes.Anya;
				PRODUCT_NAME = "$(TARGET_NAME)";
				SWIFT_EMIT_LOC_STRINGS = YES;
				SWIFT_VERSION = 5.0;
				TARGETED_DEVICE_FAMILY = "1,2";
			};
			name = Release;
		};
/* End XCBuildConfiguration section */

/* Begin XCConfigurationList section */
		7C5FFE902A6418AE00AB7B62 /* Build configuration list for PBXProject "Anya" */ = {
			isa = XCConfigurationList;
			buildConfigurations = (
				7C5FFEA12A6418B000AB7B62 /* Debug */,
				7C5FFEA22A6418B000AB7B62 /* Release */,
			);
			defaultConfigurationIsVisible = 0;
			defaultConfigurationName = Release;
		};
		7C5FFEA32A6418B000AB7B62 /* Build configuration list for PBXNativeTarget "Anya" */ = {
			isa = XCConfigurationList;
			buildConfigurations = (
				7C5FFEA42A6418B000AB7B62 /* Debug */,
				7C5FFEA52A6418B000AB7B62 /* Release */,
			);
			defaultConfigurationIsVisible = 0;
			defaultConfigurationName = Release;
		};
/* End XCConfigurationList section */

/* Begin XCRemoteSwiftPackageReference section */
		7C5FFEAA2A641FC900AB7B62 /* XCRemoteSwiftPackageReference "firebase-ios-sdk" */ = {
			isa = XCRemoteSwiftPackageReference;
			repositoryURL = "https://github.com/firebase/firebase-ios-sdk";
			requirement = {
				kind = upToNextMajorVersion;
				minimumVersion = 10.0.0;
			};
		};
/* End XCRemoteSwiftPackageReference section */

/* Begin XCSwiftPackageProductDependency section */
		7C5FFEAB2A641FC900AB7B62 /* FirebaseAuth */ = {
			isa = XCSwiftPackageProductDependency;
			package = 7C5FFEAA2A641FC900AB7B62 /* XCRemoteSwiftPackageReference "firebase-ios-sdk" */;
			productName = FirebaseAuth;
		};
		7C5FFEAD2A641FC900AB7B62 /* FirebaseFirestore */ = {
			isa = XCSwiftPackageProductDependency;
			package = 7C5FFEAA2A641FC900AB7B62 /* XCRemoteSwiftPackageReference "firebase-ios-sdk" */;
			productName = FirebaseFirestore;
		};
		7C5FFEAF2A641FC900AB7B62 /* FirebaseFirestoreSwift */ = {
			isa = XCSwiftPackageProductDependency;
			package = 7C5FFEAA2A641FC900AB7B62 /* XCRemoteSwiftPackageReference "firebase-ios-sdk" */;
			productName = FirebaseFirestoreSwift;
		};
		7C5FFEB12A641FC900AB7B62 /* FirebaseStorage */ = {
			isa = XCSwiftPackageProductDependency;
			package = 7C5FFEAA2A641FC900AB7B62 /* XCRemoteSwiftPackageReference "firebase-ios-sdk" */;
			productName = FirebaseStorage;
		};
/* End XCSwiftPackageProductDependency section */
	};
	rootObject = 7C5FFE8D2A6418AE00AB7B62 /* Project object */;
}
